
Microsoft Visual Studio Solution File, Format Version 12.00
# Visual Studio 15
VisualStudioVersion = 15.0.26730.15
MinimumVisualStudioVersion = 10.0.40219.1
Project("{9A19103F-16F7-4668-BE54-9A1E7A4F7556}") = "Zyan.SecureRemotePassword", "src\Zyan.SecureRemotePassword\Zyan.SecureRemotePassword.csproj", "{C44D70C3-E143-49C6-BAC8-D443B848D57A}"
EndProject
Project("{9A19103F-16F7-4668-BE54-9A1E7A4F7556}") = "Zyan.SecureRemotePassword.Tests", "src\Zyan.SecureRemotePassword.Tests\Zyan.SecureRemotePassword.Tests.csproj", "{ED78A103-B3F8-439E-8833-40633F9797CB}"
EndProject
Global
	GlobalSection(SolutionConfigurationPlatforms) = preSolution
		Debug|Any CPU = Debug|Any CPU
		Release|Any CPU = Release|Any CPU
	EndGlobalSection
	GlobalSection(ProjectConfigurationPlatforms) = postSolution
		{C44D70C3-E143-49C6-BAC8-D443B848D57A}.Debug|Any CPU.ActiveCfg = Debug|Any CPU
		{C44D70C3-E143-49C6-BAC8-D443B848D57A}.Debug|Any CPU.Build.0 = Debug|Any CPU
		{C44D70C3-E143-49C6-BAC8-D443B848D57A}.Release|Any CPU.ActiveCfg = Release|Any CPU
		{C44D70C3-E143-49C6-BAC8-D443B848D57A}.Release|Any CPU.Build.0 = Release|Any CPU
		{ED78A103-B3F8-439E-8833-40633F9797CB}.Debug|Any CPU.ActiveCfg = Debug|Any CPU
		{ED78A103-B3F8-439E-8833-40633F9797CB}.Debug|Any CPU.Build.0 = Debug|Any CPU
		{ED78A103-B3F8-439E-8833-40633F9797CB}.Release|Any CPU.ActiveCfg = Release|Any CPU
		{ED78A103-B3F8-439E-8833-40633F9797CB}.Release|Any CPU.Build.0 = Release|Any CPU
	EndGlobalSection
	GlobalSection(SolutionProperties) = preSolution
		HideSolutionNode = FALSE
	EndGlobalSection
	GlobalSection(ExtensibilityGlobals) = postSolution
		SolutionGuid = {25D283A8-FFD6-44C2-B475-A4CF29BB7298}
	EndGlobalSection
EndGlobal
